
Microsoft Visual Studio Solution File, Format Version 12.00
# Visual Studio Version 16
VisualStudioVersion = 16.0.30907.101
MinimumVisualStudioVersion = 10.0.40219.1
Project("{9A19103F-16F7-4668-BE54-9A1E7A4F7556}") = "SCHelper", "SCHelper\SCHelper.csproj", "{46C06EC1-C4AC-410A-BD12-D782147C3F2F}"
EndProject
Project("{FAE04EC0-301F-11D3-BF4B-00C04F79EFBC}") = "SCHelper.UnitTests", "SCHelper.UnitTests\SCHelper.UnitTests.csproj", "{AC3544C8-A60F-49BA-97B3-604EDE8F673B}"
EndProject
Global
	GlobalSection(SolutionConfigurationPlatforms) = preSolution
		Debug|Any CPU = Debug|Any CPU
		Release|Any CPU = Release|Any CPU
	EndGlobalSection
	GlobalSection(ProjectConfigurationPlatforms) = postSolution
		{46C06EC1-C4AC-410A-BD12-D782147C3F2F}.Debug|Any CPU.ActiveCfg = Debug|Any CPU
		{46C06EC1-C4AC-410A-BD12-D782147C3F2F}.Debug|Any CPU.Build.0 = Debug|Any CPU
		{46C06EC1-C4AC-410A-BD12-D782147C3F2F}.Release|Any CPU.ActiveCfg = Release|Any CPU
		{46C06EC1-C4AC-410A-BD12-D782147C3F2F}.Release|Any CPU.Build.0 = Release|Any CPU
		{AC3544C8-A60F-49BA-97B3-604EDE8F673B}.Debug|Any CPU.ActiveCfg = Debug|Any CPU
		{AC3544C8-A60F-49BA-97B3-604EDE8F673B}.Debug|Any CPU.Build.0 = Debug|Any CPU
		{AC3544C8-A60F-49BA-97B3-604EDE8F673B}.Release|Any CPU.ActiveCfg = Release|Any CPU
		{AC3544C8-A60F-49BA-97B3-604EDE8F673B}.Release|Any CPU.Build.0 = Release|Any CPU
	EndGlobalSection
	GlobalSection(SolutionProperties) = preSolution
		HideSolutionNode = FALSE
	EndGlobalSection
	GlobalSection(ExtensibilityGlobals) = postSolution
		SolutionGuid = {4B442B19-D538-4E2F-88AA-346503A97286}
	EndGlobalSection
EndGlobal
